
Microsoft Visual Studio Solution File, Format Version 12.00
# Visual Studio Version 16
VisualStudioVersion = 16.0.31410.357
MinimumVisualStudioVersion = 10.0.40219.1
Project("{FAE04EC0-301F-11D3-BF4B-00C04F79EFBC}") = "IdentityFramwork-Athentication-MVC", "IdentityFramwork-Athentication-MVC.csproj", "{53752581-44E8-4295-9F79-C2E8A673A36F}"
EndProject
Global
	GlobalSection(SolutionConfigurationPlatforms) = preSolution
		Debug|Any CPU = Debug|Any CPU
		Release|Any CPU = Release|Any CPU
	EndGlobalSection
	GlobalSection(ProjectConfigurationPlatforms) = postSolution
		{53752581-44E8-4295-9F79-C2E8A673A36F}.Debug|Any CPU.ActiveCfg = Debug|Any CPU
		{53752581-44E8-4295-9F79-C2E8A673A36F}.Debug|Any CPU.Build.0 = Debug|Any CPU
		{53752581-44E8-4295-9F79-C2E8A673A36F}.Release|Any CPU.ActiveCfg = Release|Any CPU
		{53752581-44E8-4295-9F79-C2E8A673A36F}.Release|Any CPU.Build.0 = Release|Any CPU
	EndGlobalSection
	GlobalSection(SolutionProperties) = preSolution
		HideSolutionNode = FALSE
	EndGlobalSection
	GlobalSection(ExtensibilityGlobals) = postSolution
		SolutionGuid = {82664A3D-F716-4675-97E7-B19429D597D2}
	EndGlobalSection
EndGlobal
